
Microsoft Visual Studio Solution File, Format Version 12.00
# Visual Studio Version 16
VisualStudioVersion = 16.0.31005.135
MinimumVisualStudioVersion = 10.0.40219.1
Project("{FAE04EC0-301F-11D3-BF4B-00C04F79EFBC}") = "InterFace Detalhes", "InterFace Detalhes\InterFace Detalhes.csproj", "{DBA9A0B6-98D8-4368-940A-E218B02C1B08}"
EndProject
Global
	GlobalSection(SolutionConfigurationPlatforms) = preSolution
		Debug|Any CPU = Debug|Any CPU
		Release|Any CPU = Release|Any CPU
	EndGlobalSection
	GlobalSection(ProjectConfigurationPlatforms) = postSolution
		{DBA9A0B6-98D8-4368-940A-E218B02C1B08}.Debug|Any CPU.ActiveCfg = Debug|Any CPU
		{DBA9A0B6-98D8-4368-940A-E218B02C1B08}.Debug|Any CPU.Build.0 = Debug|Any CPU
		{DBA9A0B6-98D8-4368-940A-E218B02C1B08}.Release|Any CPU.ActiveCfg = Release|Any CPU
		{DBA9A0B6-98D8-4368-940A-E218B02C1B08}.Release|Any CPU.Build.0 = Release|Any CPU
	EndGlobalSection
	GlobalSection(SolutionProperties) = preSolution
		HideSolutionNode = FALSE
	EndGlobalSection
	GlobalSection(ExtensibilityGlobals) = postSolution
		SolutionGuid = {8416027A-4386-45EF-BA79-30C749A83E30}
	EndGlobalSection
EndGlobal
